
Microsoft Visual Studio Solution File, Format Version 12.00
# Visual Studio Version 17
Project("{8BC9CEB8-8B4A-11D0-8D11-00A0C91BC942}") = "ALL_BUILD", "ALL_BUILD.vcxproj", "{CB120F31-1396-3975-9555-71E685DD90E1}"
	ProjectSection(ProjectDependencies) = postProject
		{1023D3DE-7D4F-355D-9900-FC176E7B958A} = {1023D3DE-7D4F-355D-9900-FC176E7B958A}
		{3CFAED80-C331-3D80-B9FB-BEDF6C9D7345} = {3CFAED80-C331-3D80-B9FB-BEDF6C9D7345}
		{DCE69BDE-9B2D-3AE8-A023-77D8539E9F7C} = {DCE69BDE-9B2D-3AE8-A023-77D8539E9F7C}
		{85F4ABD6-9606-382C-BEA8-397EBD7AF39E} = {85F4ABD6-9606-382C-BEA8-397EBD7AF39E}
	EndProjectSection
EndProject
Project("{8BC9CEB8-8B4A-11D0-8D11-00A0C91BC942}") = "INSTALL", "INSTALL.vcxproj", "{16B43675-B45C-32F8-9951-D97D32BBD60D}"
	ProjectSection(ProjectDependencies) = postProject
		{CB120F31-1396-3975-9555-71E685DD90E1} = {CB120F31-1396-3975-9555-71E685DD90E1}
		{1023D3DE-7D4F-355D-9900-FC176E7B958A} = {1023D3DE-7D4F-355D-9900-FC176E7B958A}
	EndProjectSection
EndProject
Project("{8BC9CEB8-8B4A-11D0-8D11-00A0C91BC942}") = "UpdateAssimpLibsDebugSymbolsAndDLLs", "UpdateAssimpLibsDebugSymbolsAndDLLs.vcxproj", "{108E57C1-5129-3E97-BA83-727E11A2F8B7}"
	ProjectSection(ProjectDependencies) = postProject
		{1023D3DE-7D4F-355D-9900-FC176E7B958A} = {1023D3DE-7D4F-355D-9900-FC176E7B958A}
	EndProjectSection
EndProject
Project("{8BC9CEB8-8B4A-11D0-8D11-00A0C91BC942}") = "ZERO_CHECK", "ZERO_CHECK.vcxproj", "{1023D3DE-7D4F-355D-9900-FC176E7B958A}"
	ProjectSection(ProjectDependencies) = postProject
	EndProjectSection
EndProject
Project("{8BC9CEB8-8B4A-11D0-8D11-00A0C91BC942}") = "assimp", "code\assimp.vcxproj", "{3CFAED80-C331-3D80-B9FB-BEDF6C9D7345}"
	ProjectSection(ProjectDependencies) = postProject
		{1023D3DE-7D4F-355D-9900-FC176E7B958A} = {1023D3DE-7D4F-355D-9900-FC176E7B958A}
		{85F4ABD6-9606-382C-BEA8-397EBD7AF39E} = {85F4ABD6-9606-382C-BEA8-397EBD7AF39E}
	EndProjectSection
EndProject
Project("{8BC9CEB8-8B4A-11D0-8D11-00A0C91BC942}") = "uninstall", "uninstall.vcxproj", "{0D51848F-D8D9-3185-B3C4-B9067D68880C}"
	ProjectSection(ProjectDependencies) = postProject
		{1023D3DE-7D4F-355D-9900-FC176E7B958A} = {1023D3DE-7D4F-355D-9900-FC176E7B958A}
	EndProjectSection
EndProject
Project("{8BC9CEB8-8B4A-11D0-8D11-00A0C91BC942}") = "unit", "test\unit.vcxproj", "{DCE69BDE-9B2D-3AE8-A023-77D8539E9F7C}"
	ProjectSection(ProjectDependencies) = postProject
		{1023D3DE-7D4F-355D-9900-FC176E7B958A} = {1023D3DE-7D4F-355D-9900-FC176E7B958A}
		{3CFAED80-C331-3D80-B9FB-BEDF6C9D7345} = {3CFAED80-C331-3D80-B9FB-BEDF6C9D7345}
		{85F4ABD6-9606-382C-BEA8-397EBD7AF39E} = {85F4ABD6-9606-382C-BEA8-397EBD7AF39E}
	EndProjectSection
EndProject
Project("{8BC9CEB8-8B4A-11D0-8D11-00A0C91BC942}") = "zlibstatic", "contrib\zlib\zlibstatic.vcxproj", "{85F4ABD6-9606-382C-BEA8-397EBD7AF39E}"
	ProjectSection(ProjectDependencies) = postProject
		{1023D3DE-7D4F-355D-9900-FC176E7B958A} = {1023D3DE-7D4F-355D-9900-FC176E7B958A}
	EndProjectSection
EndProject
Global
	GlobalSection(SolutionConfigurationPlatforms) = preSolution
		Debug|x64 = Debug|x64
		Release|x64 = Release|x64
		MinSizeRel|x64 = MinSizeRel|x64
		RelWithDebInfo|x64 = RelWithDebInfo|x64
	EndGlobalSection
	GlobalSection(ProjectConfigurationPlatforms) = postSolution
		{CB120F31-1396-3975-9555-71E685DD90E1}.Debug|x64.ActiveCfg = Debug|x64
		{CB120F31-1396-3975-9555-71E685DD90E1}.Debug|x64.Build.0 = Debug|x64
		{CB120F31-1396-3975-9555-71E685DD90E1}.Release|x64.ActiveCfg = Release|x64
		{CB120F31-1396-3975-9555-71E685DD90E1}.Release|x64.Build.0 = Release|x64
		{CB120F31-1396-3975-9555-71E685DD90E1}.MinSizeRel|x64.ActiveCfg = MinSizeRel|x64
		{CB120F31-1396-3975-9555-71E685DD90E1}.MinSizeRel|x64.Build.0 = MinSizeRel|x64
		{CB120F31-1396-3975-9555-71E685DD90E1}.RelWithDebInfo|x64.ActiveCfg = RelWithDebInfo|x64
		{CB120F31-1396-3975-9555-71E685DD90E1}.RelWithDebInfo|x64.Build.0 = RelWithDebInfo|x64
		{16B43675-B45C-32F8-9951-D97D32BBD60D}.Debug|x64.ActiveCfg = Debug|x64
		{16B43675-B45C-32F8-9951-D97D32BBD60D}.Release|x64.ActiveCfg = Release|x64
		{16B43675-B45C-32F8-9951-D97D32BBD60D}.MinSizeRel|x64.ActiveCfg = MinSizeRel|x64
		{16B43675-B45C-32F8-9951-D97D32BBD60D}.RelWithDebInfo|x64.ActiveCfg = RelWithDebInfo|x64
		{108E57C1-5129-3E97-BA83-727E11A2F8B7}.Debug|x64.ActiveCfg = Debug|x64
		{108E57C1-5129-3E97-BA83-727E11A2F8B7}.Release|x64.ActiveCfg = Release|x64
		{108E57C1-5129-3E97-BA83-727E11A2F8B7}.MinSizeRel|x64.ActiveCfg = MinSizeRel|x64
		{108E57C1-5129-3E97-BA83-727E11A2F8B7}.RelWithDebInfo|x64.ActiveCfg = RelWithDebInfo|x64
		{1023D3DE-7D4F-355D-9900-FC176E7B958A}.Debug|x64.ActiveCfg = Debug|x64
		{1023D3DE-7D4F-355D-9900-FC176E7B958A}.Debug|x64.Build.0 = Debug|x64
		{1023D3DE-7D4F-355D-9900-FC176E7B958A}.Release|x64.ActiveCfg = Release|x64
		{1023D3DE-7D4F-355D-9900-FC176E7B958A}.Release|x64.Build.0 = Release|x64
		{1023D3DE-7D4F-355D-9900-FC176E7B958A}.MinSizeRel|x64.ActiveCfg = MinSizeRel|x64
		{1023D3DE-7D4F-355D-9900-FC176E7B958A}.MinSizeRel|x64.Build.0 = MinSizeRel|x64
		{1023D3DE-7D4F-355D-9900-FC176E7B958A}.RelWithDebInfo|x64.ActiveCfg = RelWithDebInfo|x64
		{1023D3DE-7D4F-355D-9900-FC176E7B958A}.RelWithDebInfo|x64.Build.0 = RelWithDebInfo|x64
		{3CFAED80-C331-3D80-B9FB-BEDF6C9D7345}.Debug|x64.ActiveCfg = Debug|x64
		{3CFAED80-C331-3D80-B9FB-BEDF6C9D7345}.Debug|x64.Build.0 = Debug|x64
		{3CFAED80-C331-3D80-B9FB-BEDF6C9D7345}.Release|x64.ActiveCfg = Release|x64
		{3CFAED80-C331-3D80-B9FB-BEDF6C9D7345}.Release|x64.Build.0 = Release|x64
		{3CFAED80-C331-3D80-B9FB-BEDF6C9D7345}.MinSizeRel|x64.ActiveCfg = MinSizeRel|x64
		{3CFAED80-C331-3D80-B9FB-BEDF6C9D7345}.MinSizeRel|x64.Build.0 = MinSizeRel|x64
		{3CFAED80-C331-3D80-B9FB-BEDF6C9D7345}.RelWithDebInfo|x64.ActiveCfg = RelWithDebInfo|x64
		{3CFAED80-C331-3D80-B9FB-BEDF6C9D7345}.RelWithDebInfo|x64.Build.0 = RelWithDebInfo|x64
		{0D51848F-D8D9-3185-B3C4-B9067D68880C}.Debug|x64.ActiveCfg = Debug|x64
		{0D51848F-D8D9-3185-B3C4-B9067D68880C}.Release|x64.ActiveCfg = Release|x64
		{0D51848F-D8D9-3185-B3C4-B9067D68880C}.MinSizeRel|x64.ActiveCfg = MinSizeRel|x64
		{0D51848F-D8D9-3185-B3C4-B9067D68880C}.RelWithDebInfo|x64.ActiveCfg = RelWithDebInfo|x64
		{DCE69BDE-9B2D-3AE8-A023-77D8539E9F7C}.Debug|x64.ActiveCfg = Debug|x64
		{DCE69BDE-9B2D-3AE8-A023-77D8539E9F7C}.Debug|x64.Build.0 = Debug|x64
		{DCE69BDE-9B2D-3AE8-A023-77D8539E9F7C}.Release|x64.ActiveCfg = Release|x64
		{DCE69BDE-9B2D-3AE8-A023-77D8539E9F7C}.Release|x64.Build.0 = Release|x64
		{DCE69BDE-9B2D-3AE8-A023-77D8539E9F7C}.MinSizeRel|x64.ActiveCfg = MinSizeRel|x64
		{DCE69BDE-9B2D-3AE8-A023-77D8539E9F7C}.MinSizeRel|x64.Build.0 = MinSizeRel|x64
		{DCE69BDE-9B2D-3AE8-A023-77D8539E9F7C}.RelWithDebInfo|x64.ActiveCfg = RelWithDebInfo|x64
		{DCE69BDE-9B2D-3AE8-A023-77D8539E9F7C}.RelWithDebInfo|x64.Build.0 = RelWithDebInfo|x64
		{85F4ABD6-9606-382C-BEA8-397EBD7AF39E}.Debug|x64.ActiveCfg = Debug|x64
		{85F4ABD6-9606-382C-BEA8-397EBD7AF39E}.Debug|x64.Build.0 = Debug|x64
		{85F4ABD6-9606-382C-BEA8-397EBD7AF39E}.Release|x64.ActiveCfg = Release|x64
		{85F4ABD6-9606-382C-BEA8-397EBD7AF39E}.Release|x64.Build.0 = Release|x64
		{85F4ABD6-9606-382C-BEA8-397EBD7AF39E}.MinSizeRel|x64.ActiveCfg = MinSizeRel|x64
		{85F4ABD6-9606-382C-BEA8-397EBD7AF39E}.MinSizeRel|x64.Build.0 = MinSizeRel|x64
		{85F4ABD6-9606-382C-BEA8-397EBD7AF39E}.RelWithDebInfo|x64.ActiveCfg = RelWithDebInfo|x64
		{85F4ABD6-9606-382C-BEA8-397EBD7AF39E}.RelWithDebInfo|x64.Build.0 = RelWithDebInfo|x64
	EndGlobalSection
	GlobalSection(ExtensibilityGlobals) = postSolution
		SolutionGuid = {8BAE6D8C-2042-30A6-A0C5-CAADF7BA360B}
	EndGlobalSection
	GlobalSection(ExtensibilityAddIns) = postSolution
	EndGlobalSection
EndGlobal
