<?xml version="1.0" encoding="utf-8"?>
<Project ToolsVersion="17.0" xmlns="http://schemas.microsoft.com/developer/msbuild/2003">
  <ItemGroup>
    <CustomBuild Include="C:\Users\edvin\Desktop\Projects\WellEngine\WellEngine\Dependencies\assimp\assimp\CMakeFiles\b731ea07d429912b818d55ca643a2d09\generate.stamp.rule">
      <Filter>CMake Rules</Filter>
    </CustomBuild>
  </ItemGroup>
  <ItemGroup>
    <Filter Include="CMake Rules">
      <UniqueIdentifier>{5A10D7E8-16A3-33FD-986E-94CC53AB17E7}</UniqueIdentifier>
    </Filter>
  </ItemGroup>
</Project>
